// !$*UTF8*$!
{
	archiveVersion = 1;
	classes = {
	};
	objectVersion = 50;
	objects = {

/* Begin PBXBuildFile section */
		7C0B5417234570150003C137 /* AppDelegate.swift in Sources */ = {isa = PBXBuildFile; fileRef = 7C0B5416234570150003C137 /* AppDelegate.swift */; };
		7C0B5419234570150003C137 /* ViewController.swift in Sources */ = {isa = PBXBuildFile; fileRef = 7C0B5418234570150003C137 /* ViewController.swift */; };
		7C0B541C234570150003C137 /* Main.storyboard in Resources */ = {isa = PBXBuildFile; fileRef = 7C0B541A234570150003C137 /* Main.storyboard */; };
		7C0B541E234570160003C137 /* Assets.xcassets in Resources */ = {isa = PBXBuildFile; fileRef = 7C0B541D234570160003C137 /* Assets.xcassets */; };
		7C0B5421234570160003C137 /* LaunchScreen.storyboard in Resources */ = {isa = PBXBuildFile; fileRef = 7C0B541F234570160003C137 /* LaunchScreen.storyboard */; };
		7C0B542E234578460003C137 /* Banana.png in Resources */ = {isa = PBXBuildFile; fileRef = 7C0B5428234578460003C137 /* Banana.png */; };
		7C0B542F234578460003C137 /* Orange.png in Resources */ = {isa = PBXBuildFile; fileRef = 7C0B5429234578460003C137 /* Orange.png */; };
		7C0B5430234578460003C137 /* Fries.png in Resources */ = {isa = PBXBuildFile; fileRef = 7C0B542A234578460003C137 /* Fries.png */; };
		7C0B5431234578460003C137 /* Pizza.png in Resources */ = {isa = PBXBuildFile; fileRef = 7C0B542B234578460003C137 /* Pizza.png */; };
		7C0B5432234578460003C137 /* Apple.png in Resources */ = {isa = PBXBuildFile; fileRef = 7C0B542C234578460003C137 /* Apple.png */; };
		7C0B5433234578460003C137 /* Burger.png in Resources */ = {isa = PBXBuildFile; fileRef = 7C0B542D234578460003C137 /* Burger.png */; };
/* End PBXBuildFile section */

/* Begin PBXFileReference section */
		7C0B5413234570150003C137 /* TableViewApp.app */ = {isa = PBXFileReference; explicitFileType = wrapper.application; includeInIndex = 0; path = TableViewApp.app; sourceTree = BUILT_PRODUCTS_DIR; };
		7C0B5416234570150003C137 /* AppDelegate.swift */ = {isa = PBXFileReference; lastKnownFileType = sourcecode.swift; path = AppDelegate.swift; sourceTree = "<group>"; };
		7C0B5418234570150003C137 /* ViewController.swift */ = {isa = PBXFileReference; lastKnownFileType = sourcecode.swift; path = ViewController.swift; sourceTree = "<group>"; };
		7C0B541B234570150003C137 /* Base */ = {isa = PBXFileReference; lastKnownFileType = file.storyboard; name = Base; path = Base.lproj/Main.storyboard; sourceTree = "<group>"; };
		7C0B541D234570160003C137 /* Assets.xcassets */ = {isa = PBXFileReference; lastKnownFileType = folder.assetcatalog; path = Assets.xcassets; sourceTree = "<group>"; };
		7C0B5420234570160003C137 /* Base */ = {isa = PBXFileReference; lastKnownFileType = file.storyboard; name = Base; path = Base.lproj/LaunchScreen.storyboard; sourceTree = "<group>"; };
		7C0B5422234570160003C137 /* Info.plist */ = {isa = PBXFileReference; lastKnownFileType = text.plist.xml; path = Info.plist; sourceTree = "<group>"; };
		7C0B5428234578460003C137 /* Banana.png */ = {isa = PBXFileReference; lastKnownFileType = image.png; path = Banana.png; sourceTree = "<group>"; };
		7C0B5429234578460003C137 /* Orange.png */ = {isa = PBXFileReference; lastKnownFileType = image.png; path = Orange.png; sourceTree = "<group>"; };
		7C0B542A234578460003C137 /* Fries.png */ = {isa = PBXFileReference; lastKnownFileType = image.png; path = Fries.png; sourceTree = "<group>"; };
		7C0B542B234578460003C137 /* Pizza.png */ = {isa = PBXFileReference; lastKnownFileType = image.png; path = Pizza.png; sourceTree = "<group>"; };
		7C0B542C234578460003C137 /* Apple.png */ = {isa = PBXFileReference; lastKnownFileType = image.png; path = Apple.png; sourceTree = "<group>"; };
		7C0B542D234578460003C137 /* Burger.png */ = {isa = PBXFileReference; lastKnownFileType = image.png; path = Burger.png; sourceTree = "<group>"; };
/* End PBXFileReference section */

/* Begin PBXFrameworksBuildPhase section */
		7C0B5410234570150003C137 /* Frameworks */ = {
			isa = PBXFrameworksBuildPhase;
			buildActionMask = 2147483647;
			files = (
			);
			runOnlyForDeploymentPostprocessing = 0;
		};
/* End PBXFrameworksBuildPhase section */

/* Begin PBXGroup section */
		7C0B540A234570150003C137 = {
			isa = PBXGroup;
			children = (
				7C0B5415234570150003C137 /* TableViewApp */,
				7C0B5414234570150003C137 /* Products */,
			);
			sourceTree = "<group>";
		};
		7C0B5414234570150003C137 /* Products */ = {
			isa = PBXGroup;
			children = (
				7C0B5413234570150003C137 /* TableViewApp.app */,
			);
			name = Products;
			sourceTree = "<group>";
		};
		7C0B5415234570150003C137 /* TableViewApp */ = {
			isa = PBXGroup;
			children = (
				7C0B5434234578500003C137 /* images */,
				7C0B5416234570150003C137 /* AppDelegate.swift */,
				7C0B5418234570150003C137 /* ViewController.swift */,
				7C0B541A234570150003C137 /* Main.storyboard */,
				7C0B541D234570160003C137 /* Assets.xcassets */,
				7C0B541F234570160003C137 /* LaunchScreen.storyboard */,
				7C0B5422234570160003C137 /* Info.plist */,
			);
			path = TableViewApp;
			sourceTree = "<group>";
		};
		7C0B5434234578500003C137 /* images */ = {
			isa = PBXGroup;
			children = (
				7C0B542C234578460003C137 /* Apple.png */,
				7C0B5428234578460003C137 /* Banana.png */,
				7C0B542D234578460003C137 /* Burger.png */,
				7C0B542A234578460003C137 /* Fries.png */,
				7C0B5429234578460003C137 /* Orange.png */,
				7C0B542B234578460003C137 /* Pizza.png */,
			);
			path = images;
			sourceTree = "<group>";
		};
/* End PBXGroup section */

/* Begin PBXNativeTarget section */
		7C0B5412234570150003C137 /* TableViewApp */ = {
			isa = PBXNativeTarget;
			buildConfigurationList = 7C0B5425234570160003C137 /* Build configuration list for PBXNativeTarget "TableViewApp" */;
			buildPhases = (
				7C0B540F234570150003C137 /* Sources */,
				7C0B5410234570150003C137 /* Frameworks */,
				7C0B5411234570150003C137 /* Resources */,
			);
			buildRules = (
			);
			dependencies = (
			);
			name = TableViewApp;
			productName = TableViewApp;
			productReference = 7C0B5413234570150003C137 /* TableViewApp.app */;
			productType = "com.apple.product-type.application";
		};
/* End PBXNativeTarget section */

/* Begin PBXProject section */
		7C0B540B234570150003C137 /* Project object */ = {
			isa = PBXProject;
			attributes = {
				LastSwiftUpdateCheck = 1030;
				LastUpgradeCheck = 1030;
				ORGANIZATIONNAME = "Oleg Mytryniuk";
				TargetAttributes = {
					7C0B5412234570150003C137 = {
						CreatedOnToolsVersion = 10.3;
					};
				};
			};
			buildConfigurationList = 7C0B540E234570150003C137 /* Build configuration list for PBXProject "TableViewApp" */;
			compatibilityVersion = "Xcode 9.3";
			developmentRegion = en;
			hasScannedForEncodings = 0;
			knownRegions = (
				en,
				Base,
			);
			mainGroup = 7C0B540A234570150003C137;
			productRefGroup = 7C0B5414234570150003C137 /* Products */;
			projectDirPath = "";
			projectRoot = "";
			targets = (
				7C0B5412234570150003C137 /* TableViewApp */,
			);
		};
/* End PBXProject section */

/* Begin PBXResourcesBuildPhase section */
		7C0B5411234570150003C137 /* Resources */ = {
			isa = PBXResourcesBuildPhase;
			buildActionMask = 2147483647;
			files = (
				7C0B5433234578460003C137 /* Burger.png in Resources */,
				7C0B5421234570160003C137 /* LaunchScreen.storyboard in Resources */,
				7C0B542F234578460003C137 /* Orange.png in Resources */,
				7C0B541E234570160003C137 /* Assets.xcassets in Resources */,
				7C0B5430234578460003C137 /* Fries.png in Resources */,
				7C0B542E234578460003C137 /* Banana.png in Resources */,
				7C0B5431234578460003C137 /* Pizza.png in Resources */,
				7C0B5432234578460003C137 /* Apple.png in Resources */,
				7C0B541C234570150003C137 /* Main.storyboard in Resources */,
			);
			runOnlyForDeploymentPostprocessing = 0;
		};
/* End PBXResourcesBuildPhase section */

/* Begin PBXSourcesBuildPhase section */
		7C0B540F234570150003C137 /* Sources */ = {
			isa = PBXSourcesBuildPhase;
			buildActionMask = 2147483647;
			files = (
				7C0B5419234570150003C137 /* ViewController.swift in Sources */,
				7C0B5417234570150003C137 /* AppDelegate.swift in Sources */,
			);
			runOnlyForDeploymentPostprocessing = 0;
		};
/* End PBXSourcesBuildPhase section */

/* Begin PBXVariantGroup section */
		7C0B541A234570150003C137 /* Main.storyboard */ = {
			isa = PBXVariantGroup;
			children = (
				7C0B541B234570150003C137 /* Base */,
			);
			name = Main.storyboard;
			sourceTree = "<group>";
		};
		7C0B541F234570160003C137 /* LaunchScreen.storyboard */ = {
			isa = PBXVariantGroup;
			children = (
				7C0B5420234570160003C137 /* Base */,
			);
			name = LaunchScreen.storyboard;
			sourceTree = "<group>";
		};
/* End PBXVariantGroup section */

/* Begin XCBuildConfiguration section */
		7C0B5423234570160003C137 /* Debug */ = {
			isa = XCBuildConfiguration;
			buildSettings = {
				ALWAYS_SEARCH_USER_PATHS = NO;
				CLANG_ANALYZER_NONNULL = YES;
				CLANG_ANALYZER_NUMBER_OBJECT_CONVERSION = YES_AGGRESSIVE;
				CLANG_CXX_LANGUAGE_STANDARD = "gnu++14";
				CLANG_CXX_LIBRARY = "libc++";
				CLANG_ENABLE_MODULES = YES;
				CLANG_ENABLE_OBJC_ARC = YES;
				CLANG_ENABLE_OBJC_WEAK = YES;
				CLANG_WARN_BLOCK_CAPTURE_AUTORELEASING = YES;
				CLANG_WARN_BOOL_CONVERSION = YES;
				CLANG_WARN_COMMA = YES;
				CLANG_WARN_CONSTANT_CONVERSION = YES;
				CLANG_WARN_DEPRECATED_OBJC_IMPLEMENTATIONS = YES;
				CLANG_WARN_DIRECT_OBJC_ISA_USAGE = YES_ERROR;
				CLANG_WARN_DOCUMENTATION_COMMENTS = YES;
				CLANG_WARN_EMPTY_BODY = YES;
				CLANG_WARN_ENUM_CONVERSION = YES;
				CLANG_WARN_INFINITE_RECURSION = YES;
				CLANG_WARN_INT_CONVERSION = YES;
				CLANG_WARN_NON_LITERAL_NULL_CONVERSION = YES;
				CLANG_WARN_OBJC_IMPLICIT_RETAIN_SELF = YES;
				CLANG_WARN_OBJC_LITERAL_CONVERSION = YES;
				CLANG_WARN_OBJC_ROOT_CLASS = YES_ERROR;
				CLANG_WARN_RANGE_LOOP_ANALYSIS = YES;
				CLANG_WARN_STRICT_PROTOTYPES = YES;
				CLANG_WARN_SUSPICIOUS_MOVE = YES;
				CLANG_WARN_UNGUARDED_AVAILABILITY = YES_AGGRESSIVE;
				CLANG_WARN_UNREACHABLE_CODE = YES;
				CLANG_WARN__DUPLICATE_METHOD_MATCH = YES;
				CODE_SIGN_IDENTITY = "iPhone Developer";
				COPY_PHASE_STRIP = NO;
				DEBUG_INFORMATION_FORMAT = dwarf;
				ENABLE_STRICT_OBJC_MSGSEND = YES;
				ENABLE_TESTABILITY = YES;
				GCC_C_LANGUAGE_STANDARD = gnu11;
				GCC_DYNAMIC_NO_PIC = NO;
				GCC_NO_COMMON_BLOCKS = YES;
				GCC_OPTIMIZATION_LEVEL = 0;
				GCC_PREPROCESSOR_DEFINITIONS = (
					"DEBUG=1",
					"$(inherited)",
				);
				GCC_WARN_64_TO_32_BIT_CONVERSION = YES;
				GCC_WARN_ABOUT_RETURN_TYPE = YES_ERROR;
				GCC_WARN_UNDECLARED_SELECTOR = YES;
				GCC_WARN_UNINITIALIZED_AUTOS = YES_AGGRESSIVE;
				GCC_WARN_UNUSED_FUNCTION = YES;
				GCC_WARN_UNUSED_VARIABLE = YES;
				IPHONEOS_DEPLOYMENT_TARGET = 12.4;
				MTL_ENABLE_DEBUG_INFO = INCLUDE_SOURCE;
				MTL_FAST_MATH = YES;
				ONLY_ACTIVE_ARCH = YES;
				SDKROOT = iphoneos;
				SWIFT_ACTIVE_COMPILATION_CONDITIONS = DEBUG;
				SWIFT_OPTIMIZATION_LEVEL = "-Onone";
			};
			name = Debug;
		};
		7C0B5424234570160003C137 /* Release */ = {
			isa = XCBuildConfiguration;
			buildSettings = {
				ALWAYS_SEARCH_USER_PATHS = NO;
				CLANG_ANALYZER_NONNULL = YES;
				CLANG_ANALYZER_NUMBER_OBJECT_CONVERSION = YES_AGGRESSIVE;
				CLANG_CXX_LANGUAGE_STANDARD = "gnu++14";
				CLANG_CXX_LIBRARY = "libc++";
				CLANG_ENABLE_MODULES = YES;
				CLANG_ENABLE_OBJC_ARC = YES;
				CLANG_ENABLE_OBJC_WEAK = YES;
				CLANG_WARN_BLOCK_CAPTURE_AUTORELEASING = YES;
				CLANG_WARN_BOOL_CONVERSION = YES;
				CLANG_WARN_COMMA = YES;
				CLANG_WARN_CONSTANT_CONVERSION = YES;
				CLANG_WARN_DEPRECATED_OBJC_IMPLEMENTATIONS = YES;
				CLANG_WARN_DIRECT_OBJC_ISA_USAGE = YES_ERROR;
				CLANG_WARN_DOCUMENTATION_COMMENTS = YES;
				CLANG_WARN_EMPTY_BODY = YES;
				CLANG_WARN_ENUM_CONVERSION = YES;
				CLANG_WARN_INFINITE_RECURSION = YES;
				CLANG_WARN_INT_CONVERSION = YES;
				CLANG_WARN_NON_LITERAL_NULL_CONVERSION = YES;
				CLANG_WARN_OBJC_IMPLICIT_RETAIN_SELF = YES;
				CLANG_WARN_OBJC_LITERAL_CONVERSION = YES;
				CLANG_WARN_OBJC_ROOT_CLASS = YES_ERROR;
				CLANG_WARN_RANGE_LOOP_ANALYSIS = YES;
				CLANG_WARN_STRICT_PROTOTYPES = YES;
				CLANG_WARN_SUSPICIOUS_MOVE = YES;
				CLANG_WARN_UNGUARDED_AVAILABILITY = YES_AGGRESSIVE;
				CLANG_WARN_UNREACHABLE_CODE = YES;
				CLANG_WARN__DUPLICATE_METHOD_MATCH = YES;
				CODE_SIGN_IDENTITY = "iPhone Developer";
				COPY_PHASE_STRIP = NO;
				DEBUG_INFORMATION_FORMAT = "dwarf-with-dsym";
				ENABLE_NS_ASSERTIONS = NO;
				ENABLE_STRICT_OBJC_MSGSEND = YES;
				GCC_C_LANGUAGE_STANDARD = gnu11;
				GCC_NO_COMMON_BLOCKS = YES;
				GCC_WARN_64_TO_32_BIT_CONVERSION = YES;
				GCC_WARN_ABOUT_RETURN_TYPE = YES_ERROR;
				GCC_WARN_UNDECLARED_SELECTOR = YES;
				GCC_WARN_UNINITIALIZED_AUTOS = YES_AGGRESSIVE;
				GCC_WARN_UNUSED_FUNCTION = YES;
				GCC_WARN_UNUSED_VARIABLE = YES;
				IPHONEOS_DEPLOYMENT_TARGET = 12.4;
				MTL_ENABLE_DEBUG_INFO = NO;
				MTL_FAST_MATH = YES;
				SDKROOT = iphoneos;
				SWIFT_COMPILATION_MODE = wholemodule;
				SWIFT_OPTIMIZATION_LEVEL = "-O";
				VALIDATE_PRODUCT = YES;
			};
			name = Release;
		};
		7C0B5426234570160003C137 /* Debug */ = {
			isa = XCBuildConfiguration;
			buildSettings = {
				ASSETCATALOG_COMPILER_APPICON_NAME = AppIcon;
				CODE_SIGN_STYLE = Automatic;
				DEVELOPMENT_TEAM = "";
				INFOPLIST_FILE = TableViewApp/Info.plist;
				LD_RUNPATH_SEARCH_PATHS = (
					"$(inherited)",
					"@executable_path/Frameworks",
				);
				PRODUCT_BUNDLE_IDENTIFIER = om.TableViewApp;
				PRODUCT_NAME = "$(TARGET_NAME)";
				SWIFT_VERSION = 5.0;
				TARGETED_DEVICE_FAMILY = "1,2";
			};
			name = Debug;
		};
		7C0B5427234570160003C137 /* Release */ = {
			isa = XCBuildConfiguration;
			buildSettings = {
				ASSETCATALOG_COMPILER_APPICON_NAME = AppIcon;
				CODE_SIGN_STYLE = Automatic;
				DEVELOPMENT_TEAM = "";
				INFOPLIST_FILE = TableViewApp/Info.plist;
				LD_RUNPATH_SEARCH_PATHS = (
					"$(inherited)",
					"@executable_path/Frameworks",
				);
				PRODUCT_BUNDLE_IDENTIFIER = om.TableViewApp;
				PRODUCT_NAME = "$(TARGET_NAME)";
				SWIFT_VERSION = 5.0;
				TARGETED_DEVICE_FAMILY = "1,2";
			};
			name = Release;
		};
/* End XCBuildConfiguration section */

/* Begin XCConfigurationList section */
		7C0B540E234570150003C137 /* Build configuration list for PBXProject "TableViewApp" */ = {
			isa = XCConfigurationList;
			buildConfigurations = (
				7C0B5423234570160003C137 /* Debug */,
				7C0B5424234570160003C137 /* Release */,
			);
			defaultConfigurationIsVisible = 0;
			defaultConfigurationName = Release;
		};
		7C0B5425234570160003C137 /* Build configuration list for PBXNativeTarget "TableViewApp" */ = {
			isa = XCConfigurationList;
			buildConfigurations = (
				7C0B5426234570160003C137 /* Debug */,
				7C0B5427234570160003C137 /* Release */,
			);
			defaultConfigurationIsVisible = 0;
			defaultConfigurationName = Release;
		};
/* End XCConfigurationList section */
	};
	rootObject = 7C0B540B234570150003C137 /* Project object */;
}
